{
  "name": "@cloudcannon/svelte-connector",
  "version": "1.0.2",
  "lockfileVersion": 2,
  "requires": true,
  "packages": {
    "": {
      "name": "@cloudcannon/svelte-connector",
      "version": "1.0.2",
      "license": "ISC",
      "dependencies": {
        "@cloudcannon/visual-editor-connector": "^1.0.2"
      }
    },
    "node_modules/@cloudcannon/visual-editor-connector": {
      "version": "1.0.2",
      "resolved": "https://registry.npmjs.org/@cloudcannon/visual-editor-connector/-/visual-editor-connector-1.0.2.tgz",
      "integrity": "sha512-5fYSLeAzkwETaOE+dBpOIc8P197D8vmOBVmwfwp1ZlWXLUhWEWSa3yxqC2lfkHd2mBEp5LunW1GG5SsvcBD+Lg=="
    }
  },
  "dependencies": {
    "@cloudcannon/visual-editor-connector": {
      "version": "1.0.2",
      "resolved": "https://registry.npmjs.org/@cloudcannon/visual-editor-connector/-/visual-editor-connector-1.0.2.tgz",
      "integrity": "sha512-5fYSLeAzkwETaOE+dBpOIc8P197D8vmOBVmwfwp1ZlWXLUhWEWSa3yxqC2lfkHd2mBEp5LunW1GG5SsvcBD+Lg=="
    }
  }
}
