{
  "name": "@cloudcannon/svelte-connector",
  "version": "1.0.2",
  "lockfileVersion": 2,
  "requires": true,
  "packages": {
    "": {
      "name": "@cloudcannon/svelte-connector",
      "version": "1.0.2",
      "license": "ISC",
      "dependencies": {
        "@cloudcannon/visual-editor-connector": "^1.0.1"
      }
    },
    "node_modules/@cloudcannon/visual-editor-connector": {
      "version": "1.0.1",
      "resolved": "https://registry.npmjs.org/@cloudcannon/visual-editor-connector/-/visual-editor-connector-1.0.1.tgz",
      "integrity": "sha512-hSTSzLPF5QELtd1BEXW1JDdB2Gk/cv99pfs/3DXbRPaMLnMNJYqZiwVb++pke/sW0wUA5Uf5FyMk3y2NFNtC1g=="
    }
  },
  "dependencies": {
    "@cloudcannon/visual-editor-connector": {
      "version": "1.0.1",
      "resolved": "https://registry.npmjs.org/@cloudcannon/visual-editor-connector/-/visual-editor-connector-1.0.1.tgz",
      "integrity": "sha512-hSTSzLPF5QELtd1BEXW1JDdB2Gk/cv99pfs/3DXbRPaMLnMNJYqZiwVb++pke/sW0wUA5Uf5FyMk3y2NFNtC1g=="
    }
  }
}
