{
  "name": "@cloudcannon/svelte-connector",
  "version": "1.0.0",
  "lockfileVersion": 2,
  "requires": true,
  "packages": {
    "": {
      "name": "@cloudcannon/svelte-connector",
      "version": "1.0.0",
      "license": "ISC",
      "dependencies": {
        "@cloudcannon/visual-editor-connector": "^1.0.0"
      }
    },
    "node_modules/@cloudcannon/visual-editor-connector": {
      "version": "1.0.0",
      "resolved": "https://registry.npmjs.org/@cloudcannon/visual-editor-connector/-/visual-editor-connector-1.0.0.tgz",
      "integrity": "sha512-rmqoixPExQjECBuXzKS1pYYwvJFcg7zWCFesiNAv8GRs0KgGsD8ooWSKVeONgCs1KsV74oOfo0upiJBZe6HmDA=="
    }
  },
  "dependencies": {
    "@cloudcannon/visual-editor-connector": {
      "version": "1.0.0",
      "resolved": "https://registry.npmjs.org/@cloudcannon/visual-editor-connector/-/visual-editor-connector-1.0.0.tgz",
      "integrity": "sha512-rmqoixPExQjECBuXzKS1pYYwvJFcg7zWCFesiNAv8GRs0KgGsD8ooWSKVeONgCs1KsV74oOfo0upiJBZe6HmDA=="
    }
  }
}
